Microsoft Visual Studio Solution File, Format Version 12.00
# Visual Studio 2012
Project("{FAE04EC0-301F-11D3-BF4B-00C04F79EFBC}") = "Alien Attack", "Alien Attack.csproj", "{2B723B62-4AF1-435E-9920-3525F3C05116}"
EndProject
Global
	GlobalSection(SolutionConfigurationPlatforms) = preSolution
	Debug|Any CPU = Debug|Any CPU
	ExportDebug|Any CPU = ExportDebug|Any CPU
	ExportRelease|Any CPU = ExportRelease|Any CPU
	EndGlobalSection
	GlobalSection(ProjectConfigurationPlatforms) = postSolution
		{2B723B62-4AF1-435E-9920-3525F3C05116}.Debug|Any CPU.ActiveCfg = Debug|Any CPU
		{2B723B62-4AF1-435E-9920-3525F3C05116}.Debug|Any CPU.Build.0 = Debug|Any CPU
		{2B723B62-4AF1-435E-9920-3525F3C05116}.ExportDebug|Any CPU.ActiveCfg = ExportDebug|Any CPU
		{2B723B62-4AF1-435E-9920-3525F3C05116}.ExportDebug|Any CPU.Build.0 = ExportDebug|Any CPU
		{2B723B62-4AF1-435E-9920-3525F3C05116}.ExportRelease|Any CPU.ActiveCfg = ExportRelease|Any CPU
		{2B723B62-4AF1-435E-9920-3525F3C05116}.ExportRelease|Any CPU.Build.0 = ExportRelease|Any CPU
	EndGlobalSection
EndGlobal
